
Microsoft Visual Studio Solution File, Format Version 12.00
# Visual Studio Version 16
VisualStudioVersion = 16.0.30114.105
MinimumVisualStudioVersion = 10.0.40219.1
Project("{9A19103F-16F7-4668-BE54-9A1E7A4F7556}") = "VogCodeChallenge.API", "VogCodeChallenge.API\VogCodeChallenge.API.csproj", "{D6F815A1-D4E3-4C0C-9394-C88C1EE85A44}"
EndProject
Project("{9A19103F-16F7-4668-BE54-9A1E7A4F7556}") = "QuestionClass", "ClassLibrary1\QuestionClass.csproj", "{872E43B8-049C-46C3-B0D1-A4DD0DACDE8B}"
EndProject
Project("{E53339B2-1760-4266-BCC7-CA923CBCF16C}") = "docker-compose", "docker-compose.dcproj", "{6D360F2A-6E48-4F3B-9DA9-A4FAC9F8DCDB}"
EndProject
Global
	GlobalSection(SolutionConfigurationPlatforms) = preSolution
		Debug|Any CPU = Debug|Any CPU
		Release|Any CPU = Release|Any CPU
	EndGlobalSection
	GlobalSection(ProjectConfigurationPlatforms) = postSolution
		{D6F815A1-D4E3-4C0C-9394-C88C1EE85A44}.Debug|Any CPU.ActiveCfg = Debug|Any CPU
		{D6F815A1-D4E3-4C0C-9394-C88C1EE85A44}.Debug|Any CPU.Build.0 = Debug|Any CPU
		{D6F815A1-D4E3-4C0C-9394-C88C1EE85A44}.Release|Any CPU.ActiveCfg = Release|Any CPU
		{D6F815A1-D4E3-4C0C-9394-C88C1EE85A44}.Release|Any CPU.Build.0 = Release|Any CPU
		{872E43B8-049C-46C3-B0D1-A4DD0DACDE8B}.Debug|Any CPU.ActiveCfg = Debug|Any CPU
		{872E43B8-049C-46C3-B0D1-A4DD0DACDE8B}.Debug|Any CPU.Build.0 = Debug|Any CPU
		{872E43B8-049C-46C3-B0D1-A4DD0DACDE8B}.Release|Any CPU.ActiveCfg = Release|Any CPU
		{872E43B8-049C-46C3-B0D1-A4DD0DACDE8B}.Release|Any CPU.Build.0 = Release|Any CPU
		{6D360F2A-6E48-4F3B-9DA9-A4FAC9F8DCDB}.Debug|Any CPU.ActiveCfg = Debug|Any CPU
		{6D360F2A-6E48-4F3B-9DA9-A4FAC9F8DCDB}.Debug|Any CPU.Build.0 = Debug|Any CPU
		{6D360F2A-6E48-4F3B-9DA9-A4FAC9F8DCDB}.Release|Any CPU.ActiveCfg = Release|Any CPU
		{6D360F2A-6E48-4F3B-9DA9-A4FAC9F8DCDB}.Release|Any CPU.Build.0 = Release|Any CPU
	EndGlobalSection
	GlobalSection(SolutionProperties) = preSolution
		HideSolutionNode = FALSE
	EndGlobalSection
	GlobalSection(ExtensibilityGlobals) = postSolution
		SolutionGuid = {ACA4916C-FACA-43FB-B7AC-C64DA1E4592A}
	EndGlobalSection
EndGlobal
